
Microsoft Visual Studio Solution File, Format Version 12.00
# Visual Studio Version 17
VisualStudioVersion = 17.6.33723.286
MinimumVisualStudioVersion = 10.0.40219.1
Project("{9A19103F-16F7-4668-BE54-9A1E7A4F7556}") = "#1", "#1\#1.csproj", "{84302855-DE45-4E3C-B3F3-47F62D44CA6C}"
EndProject
Project("{9A19103F-16F7-4668-BE54-9A1E7A4F7556}") = "#2", "#2\#2.csproj", "{A3B1A015-9223-4F1A-8CD0-A270711B16EE}"
EndProject
Project("{9A19103F-16F7-4668-BE54-9A1E7A4F7556}") = "#3", "#3\#3.csproj", "{B8687F6C-6AFD-44E3-A883-628AB806DCE5}"
EndProject
Project("{9A19103F-16F7-4668-BE54-9A1E7A4F7556}") = "#4", "#4\#4.csproj", "{208E143C-4903-4C2E-A3FA-4ABD6EC710FB}"
EndProject
Project("{9A19103F-16F7-4668-BE54-9A1E7A4F7556}") = "#5", "#5\#5.csproj", "{577231D3-46F8-4873-A2AB-8B480A45CF0D}"
EndProject
Project("{9A19103F-16F7-4668-BE54-9A1E7A4F7556}") = "#6", "#6\#6.csproj", "{E3ACC818-9F06-4B3B-9F64-38D7AB9CC01F}"
EndProject
Project("{9A19103F-16F7-4668-BE54-9A1E7A4F7556}") = "#7", "#7\#7.csproj", "{C357150D-D67E-49F6-AD04-5D078228A9F8}"
EndProject
Project("{FAE04EC0-301F-11D3-BF4B-00C04F79EFBC}") = "#8", "#8\#8.csproj", "{AFE86958-21D6-4B14-8045-CC93AC93E40E}"
EndProject
Project("{FAE04EC0-301F-11D3-BF4B-00C04F79EFBC}") = "#9", "#9\#9.csproj", "{463E0533-D577-4B0F-B399-0FC37925C145}"
EndProject
Global
	GlobalSection(SolutionConfigurationPlatforms) = preSolution
		Debug|Any CPU = Debug|Any CPU
		Release|Any CPU = Release|Any CPU
	EndGlobalSection
	GlobalSection(ProjectConfigurationPlatforms) = postSolution
		{84302855-DE45-4E3C-B3F3-47F62D44CA6C}.Debug|Any CPU.ActiveCfg = Debug|Any CPU
		{84302855-DE45-4E3C-B3F3-47F62D44CA6C}.Debug|Any CPU.Build.0 = Debug|Any CPU
		{84302855-DE45-4E3C-B3F3-47F62D44CA6C}.Release|Any CPU.ActiveCfg = Release|Any CPU
		{84302855-DE45-4E3C-B3F3-47F62D44CA6C}.Release|Any CPU.Build.0 = Release|Any CPU
		{A3B1A015-9223-4F1A-8CD0-A270711B16EE}.Debug|Any CPU.ActiveCfg = Debug|Any CPU
		{A3B1A015-9223-4F1A-8CD0-A270711B16EE}.Debug|Any CPU.Build.0 = Debug|Any CPU
		{A3B1A015-9223-4F1A-8CD0-A270711B16EE}.Release|Any CPU.ActiveCfg = Release|Any CPU
		{A3B1A015-9223-4F1A-8CD0-A270711B16EE}.Release|Any CPU.Build.0 = Release|Any CPU
		{B8687F6C-6AFD-44E3-A883-628AB806DCE5}.Debug|Any CPU.ActiveCfg = Debug|Any CPU
		{B8687F6C-6AFD-44E3-A883-628AB806DCE5}.Debug|Any CPU.Build.0 = Debug|Any CPU
		{B8687F6C-6AFD-44E3-A883-628AB806DCE5}.Release|Any CPU.ActiveCfg = Release|Any CPU
		{B8687F6C-6AFD-44E3-A883-628AB806DCE5}.Release|Any CPU.Build.0 = Release|Any CPU
		{208E143C-4903-4C2E-A3FA-4ABD6EC710FB}.Debug|Any CPU.ActiveCfg = Debug|Any CPU
		{208E143C-4903-4C2E-A3FA-4ABD6EC710FB}.Debug|Any CPU.Build.0 = Debug|Any CPU
		{208E143C-4903-4C2E-A3FA-4ABD6EC710FB}.Release|Any CPU.ActiveCfg = Release|Any CPU
		{208E143C-4903-4C2E-A3FA-4ABD6EC710FB}.Release|Any CPU.Build.0 = Release|Any CPU
		{577231D3-46F8-4873-A2AB-8B480A45CF0D}.Debug|Any CPU.ActiveCfg = Debug|Any CPU
		{577231D3-46F8-4873-A2AB-8B480A45CF0D}.Debug|Any CPU.Build.0 = Debug|Any CPU
		{577231D3-46F8-4873-A2AB-8B480A45CF0D}.Release|Any CPU.ActiveCfg = Release|Any CPU
		{577231D3-46F8-4873-A2AB-8B480A45CF0D}.Release|Any CPU.Build.0 = Release|Any CPU
		{E3ACC818-9F06-4B3B-9F64-38D7AB9CC01F}.Debug|Any CPU.ActiveCfg = Debug|Any CPU
		{E3ACC818-9F06-4B3B-9F64-38D7AB9CC01F}.Debug|Any CPU.Build.0 = Debug|Any CPU
		{E3ACC818-9F06-4B3B-9F64-38D7AB9CC01F}.Release|Any CPU.ActiveCfg = Release|Any CPU
		{E3ACC818-9F06-4B3B-9F64-38D7AB9CC01F}.Release|Any CPU.Build.0 = Release|Any CPU
		{C357150D-D67E-49F6-AD04-5D078228A9F8}.Debug|Any CPU.ActiveCfg = Debug|Any CPU
		{C357150D-D67E-49F6-AD04-5D078228A9F8}.Debug|Any CPU.Build.0 = Debug|Any CPU
		{C357150D-D67E-49F6-AD04-5D078228A9F8}.Release|Any CPU.ActiveCfg = Release|Any CPU
		{C357150D-D67E-49F6-AD04-5D078228A9F8}.Release|Any CPU.Build.0 = Release|Any CPU
		{AFE86958-21D6-4B14-8045-CC93AC93E40E}.Debug|Any CPU.ActiveCfg = Debug|Any CPU
		{AFE86958-21D6-4B14-8045-CC93AC93E40E}.Debug|Any CPU.Build.0 = Debug|Any CPU
		{AFE86958-21D6-4B14-8045-CC93AC93E40E}.Release|Any CPU.ActiveCfg = Release|Any CPU
		{AFE86958-21D6-4B14-8045-CC93AC93E40E}.Release|Any CPU.Build.0 = Release|Any CPU
		{463E0533-D577-4B0F-B399-0FC37925C145}.Debug|Any CPU.ActiveCfg = Debug|Any CPU
		{463E0533-D577-4B0F-B399-0FC37925C145}.Debug|Any CPU.Build.0 = Debug|Any CPU
		{463E0533-D577-4B0F-B399-0FC37925C145}.Release|Any CPU.ActiveCfg = Release|Any CPU
		{463E0533-D577-4B0F-B399-0FC37925C145}.Release|Any CPU.Build.0 = Release|Any CPU
	EndGlobalSection
	GlobalSection(SolutionProperties) = preSolution
		HideSolutionNode = FALSE
	EndGlobalSection
	GlobalSection(ExtensibilityGlobals) = postSolution
		SolutionGuid = {3BD19649-5624-4ADA-8A78-F858FAAE3F62}
	EndGlobalSection
EndGlobal
