
Microsoft Visual Studio Solution File, Format Version 12.00
# Visual Studio Version 17
VisualStudioVersion = 17.6.33723.286
MinimumVisualStudioVersion = 10.0.40219.1
Project("{9A19103F-16F7-4668-BE54-9A1E7A4F7556}") = "Introduction", "Introduction\Introduction.csproj", "{ABE8F792-8EE5-4E39-8664-5C7DFB00EC2F}"
EndProject
Project("{9A19103F-16F7-4668-BE54-9A1E7A4F7556}") = "Buttons", "Buttons\Buttons.csproj", "{4F304814-2988-4188-86F2-0DBAB8FB997C}"
EndProject
Project("{9A19103F-16F7-4668-BE54-9A1E7A4F7556}") = "Events", "Events\Events.csproj", "{9BC5E4FD-1007-4367-8B1D-5F51E8A0774A}"
EndProject
Project("{9A19103F-16F7-4668-BE54-9A1E7A4F7556}") = "TextBlock", "TextBlock\TextBlock.csproj", "{062C9D98-951D-4959-9080-011E98BFD07A}"
EndProject
Project("{9A19103F-16F7-4668-BE54-9A1E7A4F7556}") = "Label", "Label\Label.csproj", "{2BFA2DC8-88EA-45A6-8F61-C65A704668B1}"
EndProject
Project("{9A19103F-16F7-4668-BE54-9A1E7A4F7556}") = "TextBox", "TextBox\TextBox.csproj", "{B4FCA721-6802-46EE-BAED-BCCD718FE2FB}"
EndProject
Project("{9A19103F-16F7-4668-BE54-9A1E7A4F7556}") = "CheckBox", "CheckBox\CheckBox.csproj", "{EDE1F166-DCAB-4641-ABFB-E7B4C501B4C0}"
EndProject
Project("{9A19103F-16F7-4668-BE54-9A1E7A4F7556}") = "RadioButton", "RadioButton\RadioButton.csproj", "{B7C2D9A4-F403-4BC3-AF7F-7F542B40B6D0}"
EndProject
Project("{9A19103F-16F7-4668-BE54-9A1E7A4F7556}") = "PasswordBox", "PasswordBox\PasswordBox.csproj", "{A179B73F-E1C6-48EA-BD88-B13EF97FCA35}"
EndProject
Project("{9A19103F-16F7-4668-BE54-9A1E7A4F7556}") = "Image", "Image\Image.csproj", "{7B0B7773-C684-4198-8B66-07147F8B713B}"
EndProject
Project("{9A19103F-16F7-4668-BE54-9A1E7A4F7556}") = "ToolTip", "ToolTip\ToolTip.csproj", "{1BEC0ED4-712E-4BE6-897F-37ABEE04D5EC}"
EndProject
Project("{9A19103F-16F7-4668-BE54-9A1E7A4F7556}") = "TabIndex", "TabIndex\TabIndex.csproj", "{44B909D5-FB20-449A-A6D9-FC4C61ACCE55}"
EndProject
Project("{9A19103F-16F7-4668-BE54-9A1E7A4F7556}") = "AccessKey", "AccessKey\AccessKey.csproj", "{72C6A37E-F100-4B7A-9433-9CE673983CA7}"
EndProject
Project("{9A19103F-16F7-4668-BE54-9A1E7A4F7556}") = "MessageBoxWPF", "MessageBoxWPF\MessageBoxWPF.csproj", "{F477F517-EFA0-4A31-BF2F-BA2A59E38345}"
EndProject
Project("{9A19103F-16F7-4668-BE54-9A1E7A4F7556}") = "CanvasWPF", "CanvasWPF\CanvasWPF.csproj", "{57DC82B9-ABD9-4E73-8EE1-D07340AB971E}"
EndProject
Project("{9A19103F-16F7-4668-BE54-9A1E7A4F7556}") = "WrapPanel", "WrapPanel\WrapPanel.csproj", "{3670A997-4FE3-41C3-8DB7-AD89A9DC3F02}"
EndProject
Project("{9A19103F-16F7-4668-BE54-9A1E7A4F7556}") = "StackPanel", "StackPanel\StackPanel.csproj", "{2F146D1D-63F2-4A42-84F4-689557DCC265}"
EndProject
Project("{9A19103F-16F7-4668-BE54-9A1E7A4F7556}") = "DockPanel", "DockPanel\DockPanel.csproj", "{D783753A-A0D8-47A9-B92B-20DA37B2A788}"
EndProject
Project("{9A19103F-16F7-4668-BE54-9A1E7A4F7556}") = "GridPanel", "GridPanel\GridPanel.csproj", "{313B7A87-5708-4150-836C-C0A9619FFC76}"
EndProject
Project("{FAE04EC0-301F-11D3-BF4B-00C04F79EFBC}") = "MenuWPF", "MenuWPF\MenuWPF.csproj", "{2BA75E31-E466-4454-ACD3-39F6A135DF3C}"
EndProject
Project("{FAE04EC0-301F-11D3-BF4B-00C04F79EFBC}") = "MenuContextWPF", "MenuContextWPF\MenuContextWPF.csproj", "{89BB8E50-4137-48A8-8B4C-4F0C60DAABE2}"
EndProject
Project("{FAE04EC0-301F-11D3-BF4B-00C04F79EFBC}") = "ToolBarWPF", "ToolBarWPF\ToolBarWPF.csproj", "{CC96FAE5-12A2-49FB-9549-AE599AB61EF4}"
EndProject
Project("{FAE04EC0-301F-11D3-BF4B-00C04F79EFBC}") = "StatusBarWPF", "StatusBarWPF\StatusBarWPF.csproj", "{5E2F3889-753E-44FC-8353-ECBBC943DD9D}"
EndProject
Project("{FAE04EC0-301F-11D3-BF4B-00C04F79EFBC}") = "RichTextWPF", "RichTextWPF\RichTextWPF.csproj", "{E59EE36E-A148-4C61-A718-3F9241579C99}"
EndProject
Project("{FAE04EC0-301F-11D3-BF4B-00C04F79EFBC}") = "FlowDocumentPageViewer", "FlowDocumentPageViewer\FlowDocumentPageViewer.csproj", "{C0303CE2-49B3-4AC7-9786-7CFEB8D5A90B}"
EndProject
Project("{FAE04EC0-301F-11D3-BF4B-00C04F79EFBC}") = "FlowDocumentReader", "FlowDocumentReader\FlowDocumentReader.csproj", "{FC428E45-8D8C-4623-B686-195DE346FC92}"
EndProject
Project("{FAE04EC0-301F-11D3-BF4B-00C04F79EFBC}") = "RichTextBox", "RichTextBox\RichTextBox.csproj", "{5F2D2AF8-107B-49BB-8D5A-BC8773E5BCA5}"
EndProject
Global
	GlobalSection(SolutionConfigurationPlatforms) = preSolution
		Debug|Any CPU = Debug|Any CPU
		Release|Any CPU = Release|Any CPU
	EndGlobalSection
	GlobalSection(ProjectConfigurationPlatforms) = postSolution
		{ABE8F792-8EE5-4E39-8664-5C7DFB00EC2F}.Debug|Any CPU.ActiveCfg = Debug|Any CPU
		{ABE8F792-8EE5-4E39-8664-5C7DFB00EC2F}.Debug|Any CPU.Build.0 = Debug|Any CPU
		{ABE8F792-8EE5-4E39-8664-5C7DFB00EC2F}.Release|Any CPU.ActiveCfg = Release|Any CPU
		{ABE8F792-8EE5-4E39-8664-5C7DFB00EC2F}.Release|Any CPU.Build.0 = Release|Any CPU
		{4F304814-2988-4188-86F2-0DBAB8FB997C}.Debug|Any CPU.ActiveCfg = Debug|Any CPU
		{4F304814-2988-4188-86F2-0DBAB8FB997C}.Debug|Any CPU.Build.0 = Debug|Any CPU
		{4F304814-2988-4188-86F2-0DBAB8FB997C}.Release|Any CPU.ActiveCfg = Release|Any CPU
		{4F304814-2988-4188-86F2-0DBAB8FB997C}.Release|Any CPU.Build.0 = Release|Any CPU
		{9BC5E4FD-1007-4367-8B1D-5F51E8A0774A}.Debug|Any CPU.ActiveCfg = Debug|Any CPU
		{9BC5E4FD-1007-4367-8B1D-5F51E8A0774A}.Debug|Any CPU.Build.0 = Debug|Any CPU
		{9BC5E4FD-1007-4367-8B1D-5F51E8A0774A}.Release|Any CPU.ActiveCfg = Release|Any CPU
		{9BC5E4FD-1007-4367-8B1D-5F51E8A0774A}.Release|Any CPU.Build.0 = Release|Any CPU
		{062C9D98-951D-4959-9080-011E98BFD07A}.Debug|Any CPU.ActiveCfg = Debug|Any CPU
		{062C9D98-951D-4959-9080-011E98BFD07A}.Debug|Any CPU.Build.0 = Debug|Any CPU
		{062C9D98-951D-4959-9080-011E98BFD07A}.Release|Any CPU.ActiveCfg = Release|Any CPU
		{062C9D98-951D-4959-9080-011E98BFD07A}.Release|Any CPU.Build.0 = Release|Any CPU
		{2BFA2DC8-88EA-45A6-8F61-C65A704668B1}.Debug|Any CPU.ActiveCfg = Debug|Any CPU
		{2BFA2DC8-88EA-45A6-8F61-C65A704668B1}.Debug|Any CPU.Build.0 = Debug|Any CPU
		{2BFA2DC8-88EA-45A6-8F61-C65A704668B1}.Release|Any CPU.ActiveCfg = Release|Any CPU
		{2BFA2DC8-88EA-45A6-8F61-C65A704668B1}.Release|Any CPU.Build.0 = Release|Any CPU
		{B4FCA721-6802-46EE-BAED-BCCD718FE2FB}.Debug|Any CPU.ActiveCfg = Debug|Any CPU
		{B4FCA721-6802-46EE-BAED-BCCD718FE2FB}.Debug|Any CPU.Build.0 = Debug|Any CPU
		{B4FCA721-6802-46EE-BAED-BCCD718FE2FB}.Release|Any CPU.ActiveCfg = Release|Any CPU
		{B4FCA721-6802-46EE-BAED-BCCD718FE2FB}.Release|Any CPU.Build.0 = Release|Any CPU
		{EDE1F166-DCAB-4641-ABFB-E7B4C501B4C0}.Debug|Any CPU.ActiveCfg = Debug|Any CPU
		{EDE1F166-DCAB-4641-ABFB-E7B4C501B4C0}.Debug|Any CPU.Build.0 = Debug|Any CPU
		{EDE1F166-DCAB-4641-ABFB-E7B4C501B4C0}.Release|Any CPU.ActiveCfg = Release|Any CPU
		{EDE1F166-DCAB-4641-ABFB-E7B4C501B4C0}.Release|Any CPU.Build.0 = Release|Any CPU
		{B7C2D9A4-F403-4BC3-AF7F-7F542B40B6D0}.Debug|Any CPU.ActiveCfg = Debug|Any CPU
		{B7C2D9A4-F403-4BC3-AF7F-7F542B40B6D0}.Debug|Any CPU.Build.0 = Debug|Any CPU
		{B7C2D9A4-F403-4BC3-AF7F-7F542B40B6D0}.Release|Any CPU.ActiveCfg = Release|Any CPU
		{B7C2D9A4-F403-4BC3-AF7F-7F542B40B6D0}.Release|Any CPU.Build.0 = Release|Any CPU
		{A179B73F-E1C6-48EA-BD88-B13EF97FCA35}.Debug|Any CPU.ActiveCfg = Debug|Any CPU
		{A179B73F-E1C6-48EA-BD88-B13EF97FCA35}.Debug|Any CPU.Build.0 = Debug|Any CPU
		{A179B73F-E1C6-48EA-BD88-B13EF97FCA35}.Release|Any CPU.ActiveCfg = Release|Any CPU
		{A179B73F-E1C6-48EA-BD88-B13EF97FCA35}.Release|Any CPU.Build.0 = Release|Any CPU
		{7B0B7773-C684-4198-8B66-07147F8B713B}.Debug|Any CPU.ActiveCfg = Debug|Any CPU
		{7B0B7773-C684-4198-8B66-07147F8B713B}.Debug|Any CPU.Build.0 = Debug|Any CPU
		{7B0B7773-C684-4198-8B66-07147F8B713B}.Release|Any CPU.ActiveCfg = Release|Any CPU
		{7B0B7773-C684-4198-8B66-07147F8B713B}.Release|Any CPU.Build.0 = Release|Any CPU
		{1BEC0ED4-712E-4BE6-897F-37ABEE04D5EC}.Debug|Any CPU.ActiveCfg = Debug|Any CPU
		{1BEC0ED4-712E-4BE6-897F-37ABEE04D5EC}.Debug|Any CPU.Build.0 = Debug|Any CPU
		{1BEC0ED4-712E-4BE6-897F-37ABEE04D5EC}.Release|Any CPU.ActiveCfg = Release|Any CPU
		{1BEC0ED4-712E-4BE6-897F-37ABEE04D5EC}.Release|Any CPU.Build.0 = Release|Any CPU
		{44B909D5-FB20-449A-A6D9-FC4C61ACCE55}.Debug|Any CPU.ActiveCfg = Debug|Any CPU
		{44B909D5-FB20-449A-A6D9-FC4C61ACCE55}.Debug|Any CPU.Build.0 = Debug|Any CPU
		{44B909D5-FB20-449A-A6D9-FC4C61ACCE55}.Release|Any CPU.ActiveCfg = Release|Any CPU
		{44B909D5-FB20-449A-A6D9-FC4C61ACCE55}.Release|Any CPU.Build.0 = Release|Any CPU
		{72C6A37E-F100-4B7A-9433-9CE673983CA7}.Debug|Any CPU.ActiveCfg = Debug|Any CPU
		{72C6A37E-F100-4B7A-9433-9CE673983CA7}.Debug|Any CPU.Build.0 = Debug|Any CPU
		{72C6A37E-F100-4B7A-9433-9CE673983CA7}.Release|Any CPU.ActiveCfg = Release|Any CPU
		{72C6A37E-F100-4B7A-9433-9CE673983CA7}.Release|Any CPU.Build.0 = Release|Any CPU
		{F477F517-EFA0-4A31-BF2F-BA2A59E38345}.Debug|Any CPU.ActiveCfg = Debug|Any CPU
		{F477F517-EFA0-4A31-BF2F-BA2A59E38345}.Debug|Any CPU.Build.0 = Debug|Any CPU
		{F477F517-EFA0-4A31-BF2F-BA2A59E38345}.Release|Any CPU.ActiveCfg = Release|Any CPU
		{F477F517-EFA0-4A31-BF2F-BA2A59E38345}.Release|Any CPU.Build.0 = Release|Any CPU
		{57DC82B9-ABD9-4E73-8EE1-D07340AB971E}.Debug|Any CPU.ActiveCfg = Debug|Any CPU
		{57DC82B9-ABD9-4E73-8EE1-D07340AB971E}.Debug|Any CPU.Build.0 = Debug|Any CPU
		{57DC82B9-ABD9-4E73-8EE1-D07340AB971E}.Release|Any CPU.ActiveCfg = Release|Any CPU
		{57DC82B9-ABD9-4E73-8EE1-D07340AB971E}.Release|Any CPU.Build.0 = Release|Any CPU
		{3670A997-4FE3-41C3-8DB7-AD89A9DC3F02}.Debug|Any CPU.ActiveCfg = Debug|Any CPU
		{3670A997-4FE3-41C3-8DB7-AD89A9DC3F02}.Debug|Any CPU.Build.0 = Debug|Any CPU
		{3670A997-4FE3-41C3-8DB7-AD89A9DC3F02}.Release|Any CPU.ActiveCfg = Release|Any CPU
		{3670A997-4FE3-41C3-8DB7-AD89A9DC3F02}.Release|Any CPU.Build.0 = Release|Any CPU
		{2F146D1D-63F2-4A42-84F4-689557DCC265}.Debug|Any CPU.ActiveCfg = Debug|Any CPU
		{2F146D1D-63F2-4A42-84F4-689557DCC265}.Debug|Any CPU.Build.0 = Debug|Any CPU
		{2F146D1D-63F2-4A42-84F4-689557DCC265}.Release|Any CPU.ActiveCfg = Release|Any CPU
		{2F146D1D-63F2-4A42-84F4-689557DCC265}.Release|Any CPU.Build.0 = Release|Any CPU
		{D783753A-A0D8-47A9-B92B-20DA37B2A788}.Debug|Any CPU.ActiveCfg = Debug|Any CPU
		{D783753A-A0D8-47A9-B92B-20DA37B2A788}.Debug|Any CPU.Build.0 = Debug|Any CPU
		{D783753A-A0D8-47A9-B92B-20DA37B2A788}.Release|Any CPU.ActiveCfg = Release|Any CPU
		{D783753A-A0D8-47A9-B92B-20DA37B2A788}.Release|Any CPU.Build.0 = Release|Any CPU
		{313B7A87-5708-4150-836C-C0A9619FFC76}.Debug|Any CPU.ActiveCfg = Debug|Any CPU
		{313B7A87-5708-4150-836C-C0A9619FFC76}.Debug|Any CPU.Build.0 = Debug|Any CPU
		{313B7A87-5708-4150-836C-C0A9619FFC76}.Release|Any CPU.ActiveCfg = Release|Any CPU
		{313B7A87-5708-4150-836C-C0A9619FFC76}.Release|Any CPU.Build.0 = Release|Any CPU
		{2BA75E31-E466-4454-ACD3-39F6A135DF3C}.Debug|Any CPU.ActiveCfg = Debug|Any CPU
		{2BA75E31-E466-4454-ACD3-39F6A135DF3C}.Debug|Any CPU.Build.0 = Debug|Any CPU
		{2BA75E31-E466-4454-ACD3-39F6A135DF3C}.Release|Any CPU.ActiveCfg = Release|Any CPU
		{2BA75E31-E466-4454-ACD3-39F6A135DF3C}.Release|Any CPU.Build.0 = Release|Any CPU
		{89BB8E50-4137-48A8-8B4C-4F0C60DAABE2}.Debug|Any CPU.ActiveCfg = Debug|Any CPU
		{89BB8E50-4137-48A8-8B4C-4F0C60DAABE2}.Debug|Any CPU.Build.0 = Debug|Any CPU
		{89BB8E50-4137-48A8-8B4C-4F0C60DAABE2}.Release|Any CPU.ActiveCfg = Release|Any CPU
		{89BB8E50-4137-48A8-8B4C-4F0C60DAABE2}.Release|Any CPU.Build.0 = Release|Any CPU
		{CC96FAE5-12A2-49FB-9549-AE599AB61EF4}.Debug|Any CPU.ActiveCfg = Debug|Any CPU
		{CC96FAE5-12A2-49FB-9549-AE599AB61EF4}.Debug|Any CPU.Build.0 = Debug|Any CPU
		{CC96FAE5-12A2-49FB-9549-AE599AB61EF4}.Release|Any CPU.ActiveCfg = Release|Any CPU
		{CC96FAE5-12A2-49FB-9549-AE599AB61EF4}.Release|Any CPU.Build.0 = Release|Any CPU
		{5E2F3889-753E-44FC-8353-ECBBC943DD9D}.Debug|Any CPU.ActiveCfg = Debug|Any CPU
		{5E2F3889-753E-44FC-8353-ECBBC943DD9D}.Debug|Any CPU.Build.0 = Debug|Any CPU
		{5E2F3889-753E-44FC-8353-ECBBC943DD9D}.Release|Any CPU.ActiveCfg = Release|Any CPU
		{5E2F3889-753E-44FC-8353-ECBBC943DD9D}.Release|Any CPU.Build.0 = Release|Any CPU
		{E59EE36E-A148-4C61-A718-3F9241579C99}.Debug|Any CPU.ActiveCfg = Debug|Any CPU
		{E59EE36E-A148-4C61-A718-3F9241579C99}.Debug|Any CPU.Build.0 = Debug|Any CPU
		{E59EE36E-A148-4C61-A718-3F9241579C99}.Release|Any CPU.ActiveCfg = Release|Any CPU
		{E59EE36E-A148-4C61-A718-3F9241579C99}.Release|Any CPU.Build.0 = Release|Any CPU
		{C0303CE2-49B3-4AC7-9786-7CFEB8D5A90B}.Debug|Any CPU.ActiveCfg = Debug|Any CPU
		{C0303CE2-49B3-4AC7-9786-7CFEB8D5A90B}.Debug|Any CPU.Build.0 = Debug|Any CPU
		{C0303CE2-49B3-4AC7-9786-7CFEB8D5A90B}.Release|Any CPU.ActiveCfg = Release|Any CPU
		{C0303CE2-49B3-4AC7-9786-7CFEB8D5A90B}.Release|Any CPU.Build.0 = Release|Any CPU
		{FC428E45-8D8C-4623-B686-195DE346FC92}.Debug|Any CPU.ActiveCfg = Debug|Any CPU
		{FC428E45-8D8C-4623-B686-195DE346FC92}.Debug|Any CPU.Build.0 = Debug|Any CPU
		{FC428E45-8D8C-4623-B686-195DE346FC92}.Release|Any CPU.ActiveCfg = Release|Any CPU
		{FC428E45-8D8C-4623-B686-195DE346FC92}.Release|Any CPU.Build.0 = Release|Any CPU
		{5F2D2AF8-107B-49BB-8D5A-BC8773E5BCA5}.Debug|Any CPU.ActiveCfg = Debug|Any CPU
		{5F2D2AF8-107B-49BB-8D5A-BC8773E5BCA5}.Debug|Any CPU.Build.0 = Debug|Any CPU
		{5F2D2AF8-107B-49BB-8D5A-BC8773E5BCA5}.Release|Any CPU.ActiveCfg = Release|Any CPU
		{5F2D2AF8-107B-49BB-8D5A-BC8773E5BCA5}.Release|Any CPU.Build.0 = Release|Any CPU
	EndGlobalSection
	GlobalSection(SolutionProperties) = preSolution
		HideSolutionNode = FALSE
	EndGlobalSection
	GlobalSection(ExtensibilityGlobals) = postSolution
		SolutionGuid = {75496213-3B45-41CC-9D7A-20D590E48658}
	EndGlobalSection
EndGlobal
