
Microsoft Visual Studio Solution File, Format Version 12.00
# Visual Studio Version 17
VisualStudioVersion = 17.5.33627.172
MinimumVisualStudioVersion = 10.0.40219.1
Project("{FAE04EC0-301F-11D3-BF4B-00C04F79EFBC}") = "PruebaMVC_ASPNET", "PruebaMVC_ASPNET.csproj", "{2CB25EA3-9BD8-40A5-9980-E57BB479847E}"
EndProject
Global
	GlobalSection(SolutionConfigurationPlatforms) = preSolution
		Debug|Any CPU = Debug|Any CPU
		Release|Any CPU = Release|Any CPU
	EndGlobalSection
	GlobalSection(ProjectConfigurationPlatforms) = postSolution
		{2CB25EA3-9BD8-40A5-9980-E57BB479847E}.Debug|Any CPU.ActiveCfg = Debug|Any CPU
		{2CB25EA3-9BD8-40A5-9980-E57BB479847E}.Debug|Any CPU.Build.0 = Debug|Any CPU
		{2CB25EA3-9BD8-40A5-9980-E57BB479847E}.Release|Any CPU.ActiveCfg = Release|Any CPU
		{2CB25EA3-9BD8-40A5-9980-E57BB479847E}.Release|Any CPU.Build.0 = Release|Any CPU
	EndGlobalSection
	GlobalSection(SolutionProperties) = preSolution
		HideSolutionNode = FALSE
	EndGlobalSection
	GlobalSection(ExtensibilityGlobals) = postSolution
		SolutionGuid = {64F3BD11-5463-48BF-8BE7-9A635ACEE5D5}
	EndGlobalSection
EndGlobal
